# THIS IS AN AUTOGENERATED FILE. DO NOT EDIT THIS FILE DIRECTLY.
# yarn lockfile v1


svelte@^3.38.1:
  version "3.38.1"
  resolved "https://registry.yarnpkg.com/svelte/-/svelte-3.38.1.tgz#5d856a9d643f56a8d3e281f6dd8b4f8962155ca5"
  integrity sha512-N3XLAyfzqrFxwRLevBeW7Dke9ZlHRVGSIed5abo4Drvj+zvd2OyWpFa1x4nQUc8Lnvt4Kcn8/5le1peRDybNqg==
